
Microsoft Visual Studio Solution File, Format Version 12.00
Project("{FAE04EC0-301F-11D3-BF4B-00C04F79EFBC}") = "DotNET_ASP_App", "DotNET_ASP_App\DotNET_ASP_App.csproj", "{4F310A5E-9BA5-439C-AD5E-37192A54A67E}"
EndProject
Project("{2150E333-8FDC-42A3-9474-1A3956D46DE8}") = "Solution Items", "Solution Items", "{D6BC5ECB-F2C4-4ABB-BA3C-6C04746BFE81}"
	ProjectSection(SolutionItems) = preProject
		docker-compose.yml = docker-compose.yml
	EndProjectSection
EndProject
Global
	GlobalSection(SolutionConfigurationPlatforms) = preSolution
		Debug|Any CPU = Debug|Any CPU
		Release|Any CPU = Release|Any CPU
	EndGlobalSection
	GlobalSection(ProjectConfigurationPlatforms) = postSolution
		{4F310A5E-9BA5-439C-AD5E-37192A54A67E}.Debug|Any CPU.ActiveCfg = Debug|Any CPU
		{4F310A5E-9BA5-439C-AD5E-37192A54A67E}.Debug|Any CPU.Build.0 = Debug|Any CPU
		{4F310A5E-9BA5-439C-AD5E-37192A54A67E}.Release|Any CPU.ActiveCfg = Release|Any CPU
		{4F310A5E-9BA5-439C-AD5E-37192A54A67E}.Release|Any CPU.Build.0 = Release|Any CPU
	EndGlobalSection
EndGlobal
